
Microsoft Visual Studio Solution File, Format Version 12.00
# Visual Studio 15
VisualStudioVersion = 15.0.28307.271
MinimumVisualStudioVersion = 10.0.40219.1
Project("{FAE04EC0-301F-11D3-BF4B-00C04F79EFBC}") = "vaskeApp", "vaskeApp\vaskeApp.csproj", "{B9698D9B-E80B-4656-8BE5-1584D218E101}"
EndProject
Global
	GlobalSection(SolutionConfigurationPlatforms) = preSolution
		Debug|Any CPU = Debug|Any CPU
		Release|Any CPU = Release|Any CPU
	EndGlobalSection
	GlobalSection(ProjectConfigurationPlatforms) = postSolution
		{B9698D9B-E80B-4656-8BE5-1584D218E101}.Debug|Any CPU.ActiveCfg = Debug|Any CPU
		{B9698D9B-E80B-4656-8BE5-1584D218E101}.Debug|Any CPU.Build.0 = Debug|Any CPU
		{B9698D9B-E80B-4656-8BE5-1584D218E101}.Release|Any CPU.ActiveCfg = Release|Any CPU
		{B9698D9B-E80B-4656-8BE5-1584D218E101}.Release|Any CPU.Build.0 = Release|Any CPU
	EndGlobalSection
	GlobalSection(SolutionProperties) = preSolution
		HideSolutionNode = FALSE
	EndGlobalSection
	GlobalSection(ExtensibilityGlobals) = postSolution
		SolutionGuid = {12397EDA-3086-482C-93B7-BFCA81DFEF26}
	EndGlobalSection
EndGlobal
