
Microsoft Visual Studio Solution File, Format Version 12.00
# Visual Studio 15
VisualStudioVersion = 15.0.28307.271
MinimumVisualStudioVersion = 10.0.40219.1
Project("{FAE04EC0-301F-11D3-BF4B-00C04F79EFBC}") = "EndlessRunner", "EndlessRunner\EndlessRunner.csproj", "{CDDB1984-1476-4E61-BF2E-74237BFB80EC}"
EndProject
Global
	GlobalSection(SolutionConfigurationPlatforms) = preSolution
		Debug|Any CPU = Debug|Any CPU
		Release|Any CPU = Release|Any CPU
	EndGlobalSection
	GlobalSection(ProjectConfigurationPlatforms) = postSolution
		{CDDB1984-1476-4E61-BF2E-74237BFB80EC}.Debug|Any CPU.ActiveCfg = Debug|Any CPU
		{CDDB1984-1476-4E61-BF2E-74237BFB80EC}.Debug|Any CPU.Build.0 = Debug|Any CPU
		{CDDB1984-1476-4E61-BF2E-74237BFB80EC}.Release|Any CPU.ActiveCfg = Release|Any CPU
		{CDDB1984-1476-4E61-BF2E-74237BFB80EC}.Release|Any CPU.Build.0 = Release|Any CPU
	EndGlobalSection
	GlobalSection(SolutionProperties) = preSolution
		HideSolutionNode = FALSE
	EndGlobalSection
	GlobalSection(ExtensibilityGlobals) = postSolution
		SolutionGuid = {7555AD7A-4641-4D78-869D-9E7F4FFE6917}
	EndGlobalSection
EndGlobal
